
Microsoft Visual Studio Solution File, Format Version 12.00
# Visual Studio Version 17
VisualStudioVersion = 17.0.31919.166
MinimumVisualStudioVersion = 10.0.40219.1
Project("{9A19103F-16F7-4668-BE54-9A1E7A4F7556}") = "efcore5", "efcore5\efcore5.csproj", "{4EA3ACB2-C661-407C-A180-86643556072D}"
EndProject
Project("{9A19103F-16F7-4668-BE54-9A1E7A4F7556}") = "efcore6", "efcore6\efcore6.csproj", "{9EB8EE28-4100-4745-B615-65F809682552}"
EndProject
Project("{FAE04EC0-301F-11D3-BF4B-00C04F79EFBC}") = "Entities", "Entities\Entities.csproj", "{01397D70-8244-4FCD-A5B1-3DF7AE3323FA}"
EndProject
Global
	GlobalSection(SolutionConfigurationPlatforms) = preSolution
		Debug|Any CPU = Debug|Any CPU
		Release|Any CPU = Release|Any CPU
	EndGlobalSection
	GlobalSection(ProjectConfigurationPlatforms) = postSolution
		{4EA3ACB2-C661-407C-A180-86643556072D}.Debug|Any CPU.ActiveCfg = Debug|Any CPU
		{4EA3ACB2-C661-407C-A180-86643556072D}.Debug|Any CPU.Build.0 = Debug|Any CPU
		{4EA3ACB2-C661-407C-A180-86643556072D}.Release|Any CPU.ActiveCfg = Release|Any CPU
		{4EA3ACB2-C661-407C-A180-86643556072D}.Release|Any CPU.Build.0 = Release|Any CPU
		{9EB8EE28-4100-4745-B615-65F809682552}.Debug|Any CPU.ActiveCfg = Debug|Any CPU
		{9EB8EE28-4100-4745-B615-65F809682552}.Debug|Any CPU.Build.0 = Debug|Any CPU
		{9EB8EE28-4100-4745-B615-65F809682552}.Release|Any CPU.ActiveCfg = Release|Any CPU
		{9EB8EE28-4100-4745-B615-65F809682552}.Release|Any CPU.Build.0 = Release|Any CPU
		{01397D70-8244-4FCD-A5B1-3DF7AE3323FA}.Debug|Any CPU.ActiveCfg = Debug|Any CPU
		{01397D70-8244-4FCD-A5B1-3DF7AE3323FA}.Debug|Any CPU.Build.0 = Debug|Any CPU
		{01397D70-8244-4FCD-A5B1-3DF7AE3323FA}.Release|Any CPU.ActiveCfg = Release|Any CPU
		{01397D70-8244-4FCD-A5B1-3DF7AE3323FA}.Release|Any CPU.Build.0 = Release|Any CPU
	EndGlobalSection
	GlobalSection(SolutionProperties) = preSolution
		HideSolutionNode = FALSE
	EndGlobalSection
	GlobalSection(ExtensibilityGlobals) = postSolution
		SolutionGuid = {3BDB1EF0-81A5-44F3-8D99-60CF88A7E742}
	EndGlobalSection
EndGlobal
